{
  "name": "com.elevate.rogers.techjam",
  "version": "1.0.0",
  "lockfileVersion": 1,
  "requires": true,
  "dependencies": {
    "@angular/cdk": {
      "version": "8.2.0",
      "resolved": "https://registry.npmjs.org/@angular/cdk/-/cdk-8.2.0.tgz",
      "integrity": "sha512-vsjKiUirICP9fTxnBT3jjqW14ipZLJPkyT3dKZQETKcml1fTY1L9QVXclvLTeUliuPSl490anuBvpQpfMeJDhQ==",
      "requires": {
        "parse5": "^5.0.0",
        "tslib": "^1.7.1"
      }
    },
    "@angular/common": {
      "version": "8.2.7",
      "resolved": "https://registry.npmjs.org/@angular/common/-/common-8.2.7.tgz",
      "integrity": "sha512-Hopy7Mepx7S7oGsXfxOsC3/MkeQRlaeQtJxd+Gh/KFyN4o52cqJOWTQOKKKzHRkaotCTHHblebOpR64h7k5YJg==",
      "requires": {
        "tslib": "^1.9.0"
      }
    },
    "@angular/compiler": {
      "version": "8.2.7",
      "resolved": "https://registry.npmjs.org/@angular/compiler/-/compiler-8.2.7.tgz",
      "integrity": "sha512-RLXJMe+YW5a6mOj1Cxx4AkjaZX0JuerPQs4KgKx2mQXRP0LtI4+6qg2+Kds6gIJxUd1Fx9oqAflRGDPchyJaxA==",
      "requires": {
        "tslib": "^1.9.0"
      }
    },
    "@angular/core": {
      "version": "8.2.7",
      "resolved": "https://registry.npmjs.org/@angular/core/-/core-8.2.7.tgz",
      "integrity": "sha512-TRGnrxRMM6JyFqgw6EFBTlZKRrZ/MkIMgnAAdk7d0ftGdsi0fao9y+hBO/oVOJjCqeEt0tkHtHhIoXEkZSs84g==",
      "requires": {
        "tslib": "^1.9.0"
      }
    },
    "@angular/router": {
      "version": "8.2.7",
      "resolved": "https://registry.npmjs.org/@angular/router/-/router-8.2.7.tgz",
      "integrity": "sha512-nqTr7N0eomlcV9epX5M8J6Q1pUYR+E/MRYRbme/HgUwfVHd1dawgwVWktKJz3cf16OJJxPMFroN8p4XGS669Ew==",
      "requires": {
        "tslib": "^1.9.0"
      }
    },
    "@ng-bootstrap/ng-bootstrap": {
      "version": "5.1.1",
      "resolved": "https://registry.npmjs.org/@ng-bootstrap/ng-bootstrap/-/ng-bootstrap-5.1.1.tgz",
      "integrity": "sha512-k0OGMMxiEalrTo82XY3BNDg0pbJerrvsM79ey41sN6ex0QVMcR23211SAO9mekL8oQqqHcPw9mYN1YgC4jLEJA==",
      "requires": {
        "tslib": "^1.9.0"
      }
    },
    "@ng-idle/core": {
      "version": "7.0.0-beta.1",
      "resolved": "https://registry.npmjs.org/@ng-idle/core/-/core-7.0.0-beta.1.tgz",
      "integrity": "sha512-0bQX+r1eQ1nGQ8ZzXk3vHZljQwZ2xp+aFO68uQdQYNBuHAd1eydOva9q2tKKn6UjcqxJYdnDWMZhK79UL7ww2w=="
    },
    "@ng-idle/keepalive": {
      "version": "7.0.0-beta.1",
      "resolved": "https://registry.npmjs.org/@ng-idle/keepalive/-/keepalive-7.0.0-beta.1.tgz",
      "integrity": "sha512-FWpbyhnE/zrQOrvynZDcCNaYWY38o7nHtLB0ZPspTv13MALalC6WD0k2ts1zPnXvpm8uPs3NV3zrmIglXCPT/A=="
    },
    "@ngrx/effects": {
      "version": "8.3.0",
      "resolved": "https://registry.npmjs.org/@ngrx/effects/-/effects-8.3.0.tgz",
      "integrity": "sha512-/DdBqCFpHOJZUAmIpefQ8EVwmJXXkcEdLhsV8aXncCNWkK61sy/MbZZfDAbee6Cd1is33bVXRUKD49Z+Upvw5A=="
    },
    "@ngrx/store": {
      "version": "8.3.0",
      "resolved": "https://registry.npmjs.org/@ngrx/store/-/store-8.3.0.tgz",
      "integrity": "sha512-QtM5T6/wTYqAlqeW60ptqqrsBwYF7jvQHsh0yE3AnwZIQvSbLFM2t5S2kN+753v4rHiXVRrA5pLaLzjGhAKcSg=="
    },
    "@ngrx/store-devtools": {
      "version": "8.3.0",
      "resolved": "https://registry.npmjs.org/@ngrx/store-devtools/-/store-devtools-8.3.0.tgz",
      "integrity": "sha512-7jsmN8wz6PMKrbqHnUulMvf8OSYUZbXXOwkcXRaGqIjlnEG9RCHQL0cXuF8zB6uX5xencdEXsRVQe3MdZXWQng=="
    },
    "core-js": {
      "version": "2.6.9",
      "resolved": "https://registry.npmjs.org/core-js/-/core-js-2.6.9.tgz",
      "integrity": "sha512-HOpZf6eXmnl7la+cUdMnLvUxKNqLUzJvgIziQ0DiF3JwSImNphIqdGqzj6hIKyX04MmV0poclQ7+wjWvxQyR2A=="
    },
    "moment": {
      "version": "2.24.0",
      "resolved": "https://registry.npmjs.org/moment/-/moment-2.24.0.tgz",
      "integrity": "sha512-bV7f+6l2QigeBBZSM/6yTNq4P2fNpSWj/0e7jQcy87A8e7o2nAfP/34/2ky5Vw4B9S446EtIhodAzkFCcR4dQg=="
    },
    "moment-timezone": {
      "version": "0.5.26",
      "resolved": "https://registry.npmjs.org/moment-timezone/-/moment-timezone-0.5.26.tgz",
      "integrity": "sha512-sFP4cgEKTCymBBKgoxZjYzlSovC20Y6J7y3nanDc5RoBIXKlZhoYwBoZGe3flwU6A372AcRwScH8KiwV6zjy1g==",
      "requires": {
        "moment": ">= 2.9.0"
      }
    },
    "ng-http-loader": {
      "version": "6.0.1",
      "resolved": "https://registry.npmjs.org/ng-http-loader/-/ng-http-loader-6.0.1.tgz",
      "integrity": "sha512-qgjPoGkTl1CKMsUIfSGz7Y+Jm6yN6Wg5Tx5IskdEA1M9OUug/Ockpr5vJxKDLy36gyRRliopHgxEtHO9y+tmPQ==",
      "requires": {
        "tslib": "^1.9.0"
      }
    },
    "ngx-device-detector": {
      "version": "1.3.11",
      "resolved": "https://registry.npmjs.org/ngx-device-detector/-/ngx-device-detector-1.3.11.tgz",
      "integrity": "sha512-ei1Q2ohi7RXZiSRCe8VojIZAeaNNLsW+dElN8kwK+AKm/spCt65/a8jMomFHuj7ZVsCEGtL3Lnjni+JJfn/X3Q==",
      "requires": {
        "tslib": "^1.9.0"
      }
    },
    "ngx-google-places-autocomplete": {
      "version": "2.0.4",
      "resolved": "https://registry.npmjs.org/ngx-google-places-autocomplete/-/ngx-google-places-autocomplete-2.0.4.tgz",
      "integrity": "sha512-ATv/unC6PQbteWEcXsrTFnKI11WdJK0Q45Fq6mUQUr3nIY3GAj+cTelR6fTe50aiK8zajnM4QnACVedLoNOEjA=="
    },
    "parse5": {
      "version": "5.1.0",
      "resolved": "https://registry.npmjs.org/parse5/-/parse5-5.1.0.tgz",
      "integrity": "sha512-fxNG2sQjHvlVAYmzBZS9YlDp6PTSSDwa98vkD4QgVDDCAo84z5X1t5XyJQ62ImdLXx5NdIIfihey6xpum9/gRQ==",
      "optional": true
    },
    "rxjs": {
      "version": "6.5.3",
      "resolved": "https://registry.npmjs.org/rxjs/-/rxjs-6.5.3.tgz",
      "integrity": "sha512-wuYsAYYFdWTAnAaPoKGNhfpWwKZbJW+HgAJ+mImp+Epl7BG8oNWBCTyRM8gba9k4lk8BgWdoYm21Mo/RYhhbgA==",
      "requires": {
        "tslib": "^1.9.0"
      }
    },
    "tslib": {
      "version": "1.10.0",
      "resolved": "https://registry.npmjs.org/tslib/-/tslib-1.10.0.tgz",
      "integrity": "sha512-qOebF53frne81cf0S9B41ByenJ3/IuH8yJKngAX35CmiZySA0khhkovshKK+jGCaMnVomla7gVlIcc3EvKPbTQ=="
    }
  }
}
